// !$*UTF8*$!
{
	archiveVersion = 1;
	classes = {
	};
	objectVersion = 50;
	objects = {

/* Begin PBXBuildFile section */
		38479B94FF4D7EF8F8B199BA /* Pods_AirsideLab.framework in Frameworks */ = {isa = PBXBuildFile; fileRef = B0F9FCC6BDEBABCD0B4F70C3 /* Pods_AirsideLab.framework */; };
		6D06B5ECEDD0F5902E56A5C8 /* libPods-AirsideLabTests.a in Frameworks */ = {isa = PBXBuildFile; fileRef = 7FF6EAE94CEAF6CAC498CC7B /* libPods-AirsideLabTests.a */; };
		D1C2E3C822F86364001A4179 /* AppDelegate.swift in Sources */ = {isa = PBXBuildFile; fileRef = D1C2E3C722F86364001A4179 /* AppDelegate.swift */; };
		D1C2E3CA22F86364001A4179 /* ViewController.swift in Sources */ = {isa = PBXBuildFile; fileRef = D1C2E3C922F86364001A4179 /* ViewController.swift */; };
		D1C2E3CD22F86364001A4179 /* Main.storyboard in Resources */ = {isa = PBXBuildFile; fileRef = D1C2E3CB22F86364001A4179 /* Main.storyboard */; };
		D1C2E3CF22F86367001A4179 /* Assets.xcassets in Resources */ = {isa = PBXBuildFile; fileRef = D1C2E3CE22F86367001A4179 /* Assets.xcassets */; };
		D1C2E3D222F86367001A4179 /* LaunchScreen.storyboard in Resources */ = {isa = PBXBuildFile; fileRef = D1C2E3D022F86367001A4179 /* LaunchScreen.storyboard */; };
		D1C2E3DD22F86367001A4179 /* AirsideLabTests.swift in Sources */ = {isa = PBXBuildFile; fileRef = D1C2E3DC22F86367001A4179 /* AirsideLabTests.swift */; };
		D1C2E3EB22F87A17001A4179 /* API.swift in Sources */ = {isa = PBXBuildFile; fileRef = D1C2E3E922F87A17001A4179 /* API.swift */; };
		D1C2E3EC22F87A17001A4179 /* ServiceManager.swift in Sources */ = {isa = PBXBuildFile; fileRef = D1C2E3EA22F87A17001A4179 /* ServiceManager.swift */; };
		D1C2E3EF22F8B211001A4179 /* JsonUtility.swift in Sources */ = {isa = PBXBuildFile; fileRef = D1C2E3EE22F8B211001A4179 /* JsonUtility.swift */; };
		D1C2E3F122F8B2D3001A4179 /* User.swift in Sources */ = {isa = PBXBuildFile; fileRef = D1C2E3F022F8B2D3001A4179 /* User.swift */; };
/* End PBXBuildFile section */

/* Begin PBXContainerItemProxy section */
		D1C2E3D922F86367001A4179 /* PBXContainerItemProxy */ = {
			isa = PBXContainerItemProxy;
			containerPortal = D1C2E3BC22F86364001A4179 /* Project object */;
			proxyType = 1;
			remoteGlobalIDString = D1C2E3C322F86364001A4179;
			remoteInfo = AirsideLab;
		};
/* End PBXContainerItemProxy section */

/* Begin PBXFileReference section */
		0226E1503E14F04E03B32F72 /* Pods-AirsideLab.debug.xcconfig */ = {isa = PBXFileReference; includeInIndex = 1; lastKnownFileType = text.xcconfig; name = "Pods-AirsideLab.debug.xcconfig"; path = "Pods/Target Support Files/Pods-AirsideLab/Pods-AirsideLab.debug.xcconfig"; sourceTree = "<group>"; };
		2FAB55A53489B957273EFB9F /* Pods-AirsideLabTests.debug.xcconfig */ = {isa = PBXFileReference; includeInIndex = 1; lastKnownFileType = text.xcconfig; name = "Pods-AirsideLabTests.debug.xcconfig"; path = "Pods/Target Support Files/Pods-AirsideLabTests/Pods-AirsideLabTests.debug.xcconfig"; sourceTree = "<group>"; };
		7FF6EAE94CEAF6CAC498CC7B /* libPods-AirsideLabTests.a */ = {isa = PBXFileReference; explicitFileType = archive.ar; includeInIndex = 0; path = "libPods-AirsideLabTests.a"; sourceTree = BUILT_PRODUCTS_DIR; };
		B0F9FCC6BDEBABCD0B4F70C3 /* Pods_AirsideLab.framework */ = {isa = PBXFileReference; explicitFileType = wrapper.framework; includeInIndex = 0; path = Pods_AirsideLab.framework; sourceTree = BUILT_PRODUCTS_DIR; };
		BA2E2563B13E275E0801209A /* Pods-AirsideLabTests.release.xcconfig */ = {isa = PBXFileReference; includeInIndex = 1; lastKnownFileType = text.xcconfig; name = "Pods-AirsideLabTests.release.xcconfig"; path = "Pods/Target Support Files/Pods-AirsideLabTests/Pods-AirsideLabTests.release.xcconfig"; sourceTree = "<group>"; };
		D1C2E3C422F86364001A4179 /* AirsideLab.app */ = {isa = PBXFileReference; explicitFileType = wrapper.application; includeInIndex = 0; path = AirsideLab.app; sourceTree = BUILT_PRODUCTS_DIR; };
		D1C2E3C722F86364001A4179 /* AppDelegate.swift */ = {isa = PBXFileReference; lastKnownFileType = sourcecode.swift; path = AppDelegate.swift; sourceTree = "<group>"; };
		D1C2E3C922F86364001A4179 /* ViewController.swift */ = {isa = PBXFileReference; lastKnownFileType = sourcecode.swift; path = ViewController.swift; sourceTree = "<group>"; };
		D1C2E3CC22F86364001A4179 /* Base */ = {isa = PBXFileReference; lastKnownFileType = file.storyboard; name = Base; path = Base.lproj/Main.storyboard; sourceTree = "<group>"; };
		D1C2E3CE22F86367001A4179 /* Assets.xcassets */ = {isa = PBXFileReference; lastKnownFileType = folder.assetcatalog; path = Assets.xcassets; sourceTree = "<group>"; };
		D1C2E3D122F86367001A4179 /* Base */ = {isa = PBXFileReference; lastKnownFileType = file.storyboard; name = Base; path = Base.lproj/LaunchScreen.storyboard; sourceTree = "<group>"; };
		D1C2E3D322F86367001A4179 /* Info.plist */ = {isa = PBXFileReference; lastKnownFileType = text.plist.xml; path = Info.plist; sourceTree = "<group>"; };
		D1C2E3D822F86367001A4179 /* AirsideLabTests.xctest */ = {isa = PBXFileReference; explicitFileType = wrapper.cfbundle; includeInIndex = 0; path = AirsideLabTests.xctest; sourceTree = BUILT_PRODUCTS_DIR; };
		D1C2E3DC22F86367001A4179 /* AirsideLabTests.swift */ = {isa = PBXFileReference; lastKnownFileType = sourcecode.swift; path = AirsideLabTests.swift; sourceTree = "<group>"; };
		D1C2E3DE22F86367001A4179 /* Info.plist */ = {isa = PBXFileReference; lastKnownFileType = text.plist.xml; path = Info.plist; sourceTree = "<group>"; };
		D1C2E3E922F87A17001A4179 /* API.swift */ = {isa = PBXFileReference; fileEncoding = 4; lastKnownFileType = sourcecode.swift; path = API.swift; sourceTree = "<group>"; };
		D1C2E3EA22F87A17001A4179 /* ServiceManager.swift */ = {isa = PBXFileReference; fileEncoding = 4; lastKnownFileType = sourcecode.swift; path = ServiceManager.swift; sourceTree = "<group>"; };
		D1C2E3EE22F8B211001A4179 /* JsonUtility.swift */ = {isa = PBXFileReference; fileEncoding = 4; lastKnownFileType = sourcecode.swift; path = JsonUtility.swift; sourceTree = "<group>"; };
		D1C2E3F022F8B2D3001A4179 /* User.swift */ = {isa = PBXFileReference; lastKnownFileType = sourcecode.swift; path = User.swift; sourceTree = "<group>"; };
		E640087E17B0187004FA17F5 /* Pods-AirsideLab.release.xcconfig */ = {isa = PBXFileReference; includeInIndex = 1; lastKnownFileType = text.xcconfig; name = "Pods-AirsideLab.release.xcconfig"; path = "Pods/Target Support Files/Pods-AirsideLab/Pods-AirsideLab.release.xcconfig"; sourceTree = "<group>"; };
/* End PBXFileReference section */

/* Begin PBXFrameworksBuildPhase section */
		D1C2E3C122F86364001A4179 /* Frameworks */ = {
			isa = PBXFrameworksBuildPhase;
			buildActionMask = 2147483647;
			files = (
				38479B94FF4D7EF8F8B199BA /* Pods_AirsideLab.framework in Frameworks */,
			);
			runOnlyForDeploymentPostprocessing = 0;
		};
		D1C2E3D522F86367001A4179 /* Frameworks */ = {
			isa = PBXFrameworksBuildPhase;
			buildActionMask = 2147483647;
			files = (
				6D06B5ECEDD0F5902E56A5C8 /* libPods-AirsideLabTests.a in Frameworks */,
			);
			runOnlyForDeploymentPostprocessing = 0;
		};
/* End PBXFrameworksBuildPhase section */

/* Begin PBXGroup section */
		B8E96FC741A9F7DFDD522045 /* Frameworks */ = {
			isa = PBXGroup;
			children = (
				B0F9FCC6BDEBABCD0B4F70C3 /* Pods_AirsideLab.framework */,
				7FF6EAE94CEAF6CAC498CC7B /* libPods-AirsideLabTests.a */,
			);
			name = Frameworks;
			sourceTree = "<group>";
		};
		D1C2E3BB22F86364001A4179 = {
			isa = PBXGroup;
			children = (
				D1C2E3C622F86364001A4179 /* AirsideLab */,
				D1C2E3DB22F86367001A4179 /* AirsideLabTests */,
				D1C2E3C522F86364001A4179 /* Products */,
				D676CB0091C87FBB8F07047A /* Pods */,
				B8E96FC741A9F7DFDD522045 /* Frameworks */,
			);
			sourceTree = "<group>";
		};
		D1C2E3C522F86364001A4179 /* Products */ = {
			isa = PBXGroup;
			children = (
				D1C2E3C422F86364001A4179 /* AirsideLab.app */,
				D1C2E3D822F86367001A4179 /* AirsideLabTests.xctest */,
			);
			name = Products;
			sourceTree = "<group>";
		};
		D1C2E3C622F86364001A4179 /* AirsideLab */ = {
			isa = PBXGroup;
			children = (
				D1C2E3ED22F8B1F3001A4179 /* JSON */,
				D1C2E3E722F879C3001A4179 /* Model */,
				D1C2E3E822F879C3001A4179 /* Network */,
				D1C2E3C722F86364001A4179 /* AppDelegate.swift */,
				D1C2E3C922F86364001A4179 /* ViewController.swift */,
				D1C2E3CB22F86364001A4179 /* Main.storyboard */,
				D1C2E3CE22F86367001A4179 /* Assets.xcassets */,
				D1C2E3D022F86367001A4179 /* LaunchScreen.storyboard */,
				D1C2E3D322F86367001A4179 /* Info.plist */,
			);
			path = AirsideLab;
			sourceTree = "<group>";
		};
		D1C2E3DB22F86367001A4179 /* AirsideLabTests */ = {
			isa = PBXGroup;
			children = (
				D1C2E3DC22F86367001A4179 /* AirsideLabTests.swift */,
				D1C2E3DE22F86367001A4179 /* Info.plist */,
			);
			path = AirsideLabTests;
			sourceTree = "<group>";
		};
		D1C2E3E722F879C3001A4179 /* Model */ = {
			isa = PBXGroup;
			children = (
				D1C2E3F022F8B2D3001A4179 /* User.swift */,
			);
			path = Model;
			sourceTree = "<group>";
		};
		D1C2E3E822F879C3001A4179 /* Network */ = {
			isa = PBXGroup;
			children = (
				D1C2E3E922F87A17001A4179 /* API.swift */,
				D1C2E3EA22F87A17001A4179 /* ServiceManager.swift */,
			);
			path = Network;
			sourceTree = "<group>";
		};
		D1C2E3ED22F8B1F3001A4179 /* JSON */ = {
			isa = PBXGroup;
			children = (
				D1C2E3EE22F8B211001A4179 /* JsonUtility.swift */,
			);
			path = JSON;
			sourceTree = "<group>";
		};
		D676CB0091C87FBB8F07047A /* Pods */ = {
			isa = PBXGroup;
			children = (
				0226E1503E14F04E03B32F72 /* Pods-AirsideLab.debug.xcconfig */,
				E640087E17B0187004FA17F5 /* Pods-AirsideLab.release.xcconfig */,
				2FAB55A53489B957273EFB9F /* Pods-AirsideLabTests.debug.xcconfig */,
				BA2E2563B13E275E0801209A /* Pods-AirsideLabTests.release.xcconfig */,
			);
			name = Pods;
			sourceTree = "<group>";
		};
/* End PBXGroup section */

/* Begin PBXNativeTarget section */
		D1C2E3C322F86364001A4179 /* AirsideLab */ = {
			isa = PBXNativeTarget;
			buildConfigurationList = D1C2E3E122F86367001A4179 /* Build configuration list for PBXNativeTarget "AirsideLab" */;
			buildPhases = (
				8A30D029AAC1A3A4FBBF1263 /* [CP] Check Pods Manifest.lock */,
				D1C2E3C022F86364001A4179 /* Sources */,
				D1C2E3C122F86364001A4179 /* Frameworks */,
				D1C2E3C222F86364001A4179 /* Resources */,
				033C3D95F0BDEE52C07D8468 /* [CP] Embed Pods Frameworks */,
			);
			buildRules = (
			);
			dependencies = (
			);
			name = AirsideLab;
			productName = AirsideLab;
			productReference = D1C2E3C422F86364001A4179 /* AirsideLab.app */;
			productType = "com.apple.product-type.application";
		};
		D1C2E3D722F86367001A4179 /* AirsideLabTests */ = {
			isa = PBXNativeTarget;
			buildConfigurationList = D1C2E3E422F86367001A4179 /* Build configuration list for PBXNativeTarget "AirsideLabTests" */;
			buildPhases = (
				753DB206D032C487A2481931 /* [CP] Check Pods Manifest.lock */,
				D1C2E3D422F86367001A4179 /* Sources */,
				D1C2E3D522F86367001A4179 /* Frameworks */,
				D1C2E3D622F86367001A4179 /* Resources */,
			);
			buildRules = (
			);
			dependencies = (
				D1C2E3DA22F86367001A4179 /* PBXTargetDependency */,
			);
			name = AirsideLabTests;
			productName = AirsideLabTests;
			productReference = D1C2E3D822F86367001A4179 /* AirsideLabTests.xctest */;
			productType = "com.apple.product-type.bundle.unit-test";
		};
/* End PBXNativeTarget section */

/* Begin PBXProject section */
		D1C2E3BC22F86364001A4179 /* Project object */ = {
			isa = PBXProject;
			attributes = {
				LastSwiftUpdateCheck = 1030;
				LastUpgradeCheck = 1030;
				ORGANIZATIONNAME = "Gigabit LLC";
				TargetAttributes = {
					D1C2E3C322F86364001A4179 = {
						CreatedOnToolsVersion = 10.3;
					};
					D1C2E3D722F86367001A4179 = {
						CreatedOnToolsVersion = 10.3;
						TestTargetID = D1C2E3C322F86364001A4179;
					};
				};
			};
			buildConfigurationList = D1C2E3BF22F86364001A4179 /* Build configuration list for PBXProject "AirsideLab" */;
			compatibilityVersion = "Xcode 9.3";
			developmentRegion = en;
			hasScannedForEncodings = 0;
			knownRegions = (
				en,
				Base,
			);
			mainGroup = D1C2E3BB22F86364001A4179;
			productRefGroup = D1C2E3C522F86364001A4179 /* Products */;
			projectDirPath = "";
			projectRoot = "";
			targets = (
				D1C2E3C322F86364001A4179 /* AirsideLab */,
				D1C2E3D722F86367001A4179 /* AirsideLabTests */,
			);
		};
/* End PBXProject section */

/* Begin PBXResourcesBuildPhase section */
		D1C2E3C222F86364001A4179 /* Resources */ = {
			isa = PBXResourcesBuildPhase;
			buildActionMask = 2147483647;
			files = (
				D1C2E3D222F86367001A4179 /* LaunchScreen.storyboard in Resources */,
				D1C2E3CF22F86367001A4179 /* Assets.xcassets in Resources */,
				D1C2E3CD22F86364001A4179 /* Main.storyboard in Resources */,
			);
			runOnlyForDeploymentPostprocessing = 0;
		};
		D1C2E3D622F86367001A4179 /* Resources */ = {
			isa = PBXResourcesBuildPhase;
			buildActionMask = 2147483647;
			files = (
			);
			runOnlyForDeploymentPostprocessing = 0;
		};
/* End PBXResourcesBuildPhase section */

/* Begin PBXShellScriptBuildPhase section */
		033C3D95F0BDEE52C07D8468 /* [CP] Embed Pods Frameworks */ = {
			isa = PBXShellScriptBuildPhase;
			buildActionMask = 2147483647;
			files = (
			);
			inputPaths = (
				"${SRCROOT}/Pods/Target Support Files/Pods-AirsideLab/Pods-AirsideLab-frameworks.sh",
				"${BUILT_PRODUCTS_DIR}/Alamofire/Alamofire.framework",
			);
			name = "[CP] Embed Pods Frameworks";
			outputPaths = (
				"${TARGET_BUILD_DIR}/${FRAMEWORKS_FOLDER_PATH}/Alamofire.framework",
			);
			runOnlyForDeploymentPostprocessing = 0;
			shellPath = /bin/sh;
			shellScript = "\"${SRCROOT}/Pods/Target Support Files/Pods-AirsideLab/Pods-AirsideLab-frameworks.sh\"\n";
			showEnvVarsInLog = 0;
		};
		753DB206D032C487A2481931 /* [CP] Check Pods Manifest.lock */ = {
			isa = PBXShellScriptBuildPhase;
			buildActionMask = 2147483647;
			files = (
			);
			inputPaths = (
				"${PODS_PODFILE_DIR_PATH}/Podfile.lock",
				"${PODS_ROOT}/Manifest.lock",
			);
			name = "[CP] Check Pods Manifest.lock";
			outputPaths = (
				"$(DERIVED_FILE_DIR)/Pods-AirsideLabTests-checkManifestLockResult.txt",
			);
			runOnlyForDeploymentPostprocessing = 0;
			shellPath = /bin/sh;
			shellScript = "diff \"${PODS_PODFILE_DIR_PATH}/Podfile.lock\" \"${PODS_ROOT}/Manifest.lock\" > /dev/null\nif [ $? != 0 ] ; then\n    # print error to STDERR\n    echo \"error: The sandbox is not in sync with the Podfile.lock. Run 'pod install' or update your CocoaPods installation.\" >&2\n    exit 1\nfi\n# This output is used by Xcode 'outputs' to avoid re-running this script phase.\necho \"SUCCESS\" > \"${SCRIPT_OUTPUT_FILE_0}\"\n";
			showEnvVarsInLog = 0;
		};
		8A30D029AAC1A3A4FBBF1263 /* [CP] Check Pods Manifest.lock */ = {
			isa = PBXShellScriptBuildPhase;
			buildActionMask = 2147483647;
			files = (
			);
			inputPaths = (
				"${PODS_PODFILE_DIR_PATH}/Podfile.lock",
				"${PODS_ROOT}/Manifest.lock",
			);
			name = "[CP] Check Pods Manifest.lock";
			outputPaths = (
				"$(DERIVED_FILE_DIR)/Pods-AirsideLab-checkManifestLockResult.txt",
			);
			runOnlyForDeploymentPostprocessing = 0;
			shellPath = /bin/sh;
			shellScript = "diff \"${PODS_PODFILE_DIR_PATH}/Podfile.lock\" \"${PODS_ROOT}/Manifest.lock\" > /dev/null\nif [ $? != 0 ] ; then\n    # print error to STDERR\n    echo \"error: The sandbox is not in sync with the Podfile.lock. Run 'pod install' or update your CocoaPods installation.\" >&2\n    exit 1\nfi\n# This output is used by Xcode 'outputs' to avoid re-running this script phase.\necho \"SUCCESS\" > \"${SCRIPT_OUTPUT_FILE_0}\"\n";
			showEnvVarsInLog = 0;
		};
/* End PBXShellScriptBuildPhase section */

/* Begin PBXSourcesBuildPhase section */
		D1C2E3C022F86364001A4179 /* Sources */ = {
			isa = PBXSourcesBuildPhase;
			buildActionMask = 2147483647;
			files = (
				D1C2E3CA22F86364001A4179 /* ViewController.swift in Sources */,
				D1C2E3EF22F8B211001A4179 /* JsonUtility.swift in Sources */,
				D1C2E3F122F8B2D3001A4179 /* User.swift in Sources */,
				D1C2E3EB22F87A17001A4179 /* API.swift in Sources */,
				D1C2E3C822F86364001A4179 /* AppDelegate.swift in Sources */,
				D1C2E3EC22F87A17001A4179 /* ServiceManager.swift in Sources */,
			);
			runOnlyForDeploymentPostprocessing = 0;
		};
		D1C2E3D422F86367001A4179 /* Sources */ = {
			isa = PBXSourcesBuildPhase;
			buildActionMask = 2147483647;
			files = (
				D1C2E3DD22F86367001A4179 /* AirsideLabTests.swift in Sources */,
			);
			runOnlyForDeploymentPostprocessing = 0;
		};
/* End PBXSourcesBuildPhase section */

/* Begin PBXTargetDependency section */
		D1C2E3DA22F86367001A4179 /* PBXTargetDependency */ = {
			isa = PBXTargetDependency;
			target = D1C2E3C322F86364001A4179 /* AirsideLab */;
			targetProxy = D1C2E3D922F86367001A4179 /* PBXContainerItemProxy */;
		};
/* End PBXTargetDependency section */

/* Begin PBXVariantGroup section */
		D1C2E3CB22F86364001A4179 /* Main.storyboard */ = {
			isa = PBXVariantGroup;
			children = (
				D1C2E3CC22F86364001A4179 /* Base */,
			);
			name = Main.storyboard;
			sourceTree = "<group>";
		};
		D1C2E3D022F86367001A4179 /* LaunchScreen.storyboard */ = {
			isa = PBXVariantGroup;
			children = (
				D1C2E3D122F86367001A4179 /* Base */,
			);
			name = LaunchScreen.storyboard;
			sourceTree = "<group>";
		};
/* End PBXVariantGroup section */

/* Begin XCBuildConfiguration section */
		D1C2E3DF22F86367001A4179 /* Debug */ = {
			isa = XCBuildConfiguration;
			buildSettings = {
				ALWAYS_SEARCH_USER_PATHS = NO;
				CLANG_ANALYZER_NONNULL = YES;
				CLANG_ANALYZER_NUMBER_OBJECT_CONVERSION = YES_AGGRESSIVE;
				CLANG_CXX_LANGUAGE_STANDARD = "gnu++14";
				CLANG_CXX_LIBRARY = "libc++";
				CLANG_ENABLE_MODULES = YES;
				CLANG_ENABLE_OBJC_ARC = YES;
				CLANG_ENABLE_OBJC_WEAK = YES;
				CLANG_WARN_BLOCK_CAPTURE_AUTORELEASING = YES;
				CLANG_WARN_BOOL_CONVERSION = YES;
				CLANG_WARN_COMMA = YES;
				CLANG_WARN_CONSTANT_CONVERSION = YES;
				CLANG_WARN_DEPRECATED_OBJC_IMPLEMENTATIONS = YES;
				CLANG_WARN_DIRECT_OBJC_ISA_USAGE = YES_ERROR;
				CLANG_WARN_DOCUMENTATION_COMMENTS = YES;
				CLANG_WARN_EMPTY_BODY = YES;
				CLANG_WARN_ENUM_CONVERSION = YES;
				CLANG_WARN_INFINITE_RECURSION = YES;
				CLANG_WARN_INT_CONVERSION = YES;
				CLANG_WARN_NON_LITERAL_NULL_CONVERSION = YES;
				CLANG_WARN_OBJC_IMPLICIT_RETAIN_SELF = YES;
				CLANG_WARN_OBJC_LITERAL_CONVERSION = YES;
				CLANG_WARN_OBJC_ROOT_CLASS = YES_ERROR;
				CLANG_WARN_RANGE_LOOP_ANALYSIS = YES;
				CLANG_WARN_STRICT_PROTOTYPES = YES;
				CLANG_WARN_SUSPICIOUS_MOVE = YES;
				CLANG_WARN_UNGUARDED_AVAILABILITY = YES_AGGRESSIVE;
				CLANG_WARN_UNREACHABLE_CODE = YES;
				CLANG_WARN__DUPLICATE_METHOD_MATCH = YES;
				CODE_SIGN_IDENTITY = "iPhone Developer";
				COPY_PHASE_STRIP = NO;
				DEBUG_INFORMATION_FORMAT = dwarf;
				ENABLE_STRICT_OBJC_MSGSEND = YES;
				ENABLE_TESTABILITY = YES;
				GCC_C_LANGUAGE_STANDARD = gnu11;
				GCC_DYNAMIC_NO_PIC = NO;
				GCC_NO_COMMON_BLOCKS = YES;
				GCC_OPTIMIZATION_LEVEL = 0;
				GCC_PREPROCESSOR_DEFINITIONS = (
					"DEBUG=1",
					"$(inherited)",
				);
				GCC_WARN_64_TO_32_BIT_CONVERSION = YES;
				GCC_WARN_ABOUT_RETURN_TYPE = YES_ERROR;
				GCC_WARN_UNDECLARED_SELECTOR = YES;
				GCC_WARN_UNINITIALIZED_AUTOS = YES_AGGRESSIVE;
				GCC_WARN_UNUSED_FUNCTION = YES;
				GCC_WARN_UNUSED_VARIABLE = YES;
				IPHONEOS_DEPLOYMENT_TARGET = 12.4;
				MTL_ENABLE_DEBUG_INFO = INCLUDE_SOURCE;
				MTL_FAST_MATH = YES;
				ONLY_ACTIVE_ARCH = YES;
				SDKROOT = iphoneos;
				SWIFT_ACTIVE_COMPILATION_CONDITIONS = DEBUG;
				SWIFT_OPTIMIZATION_LEVEL = "-Onone";
			};
			name = Debug;
		};
		D1C2E3E022F86367001A4179 /* Release */ = {
			isa = XCBuildConfiguration;
			buildSettings = {
				ALWAYS_SEARCH_USER_PATHS = NO;
				CLANG_ANALYZER_NONNULL = YES;
				CLANG_ANALYZER_NUMBER_OBJECT_CONVERSION = YES_AGGRESSIVE;
				CLANG_CXX_LANGUAGE_STANDARD = "gnu++14";
				CLANG_CXX_LIBRARY = "libc++";
				CLANG_ENABLE_MODULES = YES;
				CLANG_ENABLE_OBJC_ARC = YES;
				CLANG_ENABLE_OBJC_WEAK = YES;
				CLANG_WARN_BLOCK_CAPTURE_AUTORELEASING = YES;
				CLANG_WARN_BOOL_CONVERSION = YES;
				CLANG_WARN_COMMA = YES;
				CLANG_WARN_CONSTANT_CONVERSION = YES;
				CLANG_WARN_DEPRECATED_OBJC_IMPLEMENTATIONS = YES;
				CLANG_WARN_DIRECT_OBJC_ISA_USAGE = YES_ERROR;
				CLANG_WARN_DOCUMENTATION_COMMENTS = YES;
				CLANG_WARN_EMPTY_BODY = YES;
				CLANG_WARN_ENUM_CONVERSION = YES;
				CLANG_WARN_INFINITE_RECURSION = YES;
				CLANG_WARN_INT_CONVERSION = YES;
				CLANG_WARN_NON_LITERAL_NULL_CONVERSION = YES;
				CLANG_WARN_OBJC_IMPLICIT_RETAIN_SELF = YES;
				CLANG_WARN_OBJC_LITERAL_CONVERSION = YES;
				CLANG_WARN_OBJC_ROOT_CLASS = YES_ERROR;
				CLANG_WARN_RANGE_LOOP_ANALYSIS = YES;
				CLANG_WARN_STRICT_PROTOTYPES = YES;
				CLANG_WARN_SUSPICIOUS_MOVE = YES;
				CLANG_WARN_UNGUARDED_AVAILABILITY = YES_AGGRESSIVE;
				CLANG_WARN_UNREACHABLE_CODE = YES;
				CLANG_WARN__DUPLICATE_METHOD_MATCH = YES;
				CODE_SIGN_IDENTITY = "iPhone Developer";
				COPY_PHASE_STRIP = NO;
				DEBUG_INFORMATION_FORMAT = "dwarf-with-dsym";
				ENABLE_NS_ASSERTIONS = NO;
				ENABLE_STRICT_OBJC_MSGSEND = YES;
				GCC_C_LANGUAGE_STANDARD = gnu11;
				GCC_NO_COMMON_BLOCKS = YES;
				GCC_WARN_64_TO_32_BIT_CONVERSION = YES;
				GCC_WARN_ABOUT_RETURN_TYPE = YES_ERROR;
				GCC_WARN_UNDECLARED_SELECTOR = YES;
				GCC_WARN_UNINITIALIZED_AUTOS = YES_AGGRESSIVE;
				GCC_WARN_UNUSED_FUNCTION = YES;
				GCC_WARN_UNUSED_VARIABLE = YES;
				IPHONEOS_DEPLOYMENT_TARGET = 12.4;
				MTL_ENABLE_DEBUG_INFO = NO;
				MTL_FAST_MATH = YES;
				SDKROOT = iphoneos;
				SWIFT_COMPILATION_MODE = wholemodule;
				SWIFT_OPTIMIZATION_LEVEL = "-O";
				VALIDATE_PRODUCT = YES;
			};
			name = Release;
		};
		D1C2E3E222F86367001A4179 /* Debug */ = {
			isa = XCBuildConfiguration;
			baseConfigurationReference = 0226E1503E14F04E03B32F72 /* Pods-AirsideLab.debug.xcconfig */;
			buildSettings = {
				ASSETCATALOG_COMPILER_APPICON_NAME = AppIcon;
				CODE_SIGN_STYLE = Automatic;
				DEVELOPMENT_TEAM = MX6EDE7QQU;
				INFOPLIST_FILE = AirsideLab/Info.plist;
				LD_RUNPATH_SEARCH_PATHS = (
					"$(inherited)",
					"@executable_path/Frameworks",
				);
				PRODUCT_BUNDLE_IDENTIFIER = com.gigabit.AirsideLab;
				PRODUCT_NAME = "$(TARGET_NAME)";
				SWIFT_VERSION = 5.0;
				TARGETED_DEVICE_FAMILY = "1,2";
			};
			name = Debug;
		};
		D1C2E3E322F86367001A4179 /* Release */ = {
			isa = XCBuildConfiguration;
			baseConfigurationReference = E640087E17B0187004FA17F5 /* Pods-AirsideLab.release.xcconfig */;
			buildSettings = {
				ASSETCATALOG_COMPILER_APPICON_NAME = AppIcon;
				CODE_SIGN_STYLE = Automatic;
				DEVELOPMENT_TEAM = MX6EDE7QQU;
				INFOPLIST_FILE = AirsideLab/Info.plist;
				LD_RUNPATH_SEARCH_PATHS = (
					"$(inherited)",
					"@executable_path/Frameworks",
				);
				PRODUCT_BUNDLE_IDENTIFIER = com.gigabit.AirsideLab;
				PRODUCT_NAME = "$(TARGET_NAME)";
				SWIFT_VERSION = 5.0;
				TARGETED_DEVICE_FAMILY = "1,2";
			};
			name = Release;
		};
		D1C2E3E522F86367001A4179 /* Debug */ = {
			isa = XCBuildConfiguration;
			baseConfigurationReference = 2FAB55A53489B957273EFB9F /* Pods-AirsideLabTests.debug.xcconfig */;
			buildSettings = {
				ALWAYS_EMBED_SWIFT_STANDARD_LIBRARIES = YES;
				BUNDLE_LOADER = "$(TEST_HOST)";
				CODE_SIGN_STYLE = Automatic;
				DEVELOPMENT_TEAM = MX6EDE7QQU;
				INFOPLIST_FILE = AirsideLabTests/Info.plist;
				LD_RUNPATH_SEARCH_PATHS = (
					"$(inherited)",
					"@executable_path/Frameworks",
					"@loader_path/Frameworks",
				);
				PRODUCT_BUNDLE_IDENTIFIER = com.gigabit.AirsideLabTests;
				PRODUCT_NAME = "$(TARGET_NAME)";
				SWIFT_VERSION = 5.0;
				TARGETED_DEVICE_FAMILY = "1,2";
				TEST_HOST = "$(BUILT_PRODUCTS_DIR)/AirsideLab.app/AirsideLab";
			};
			name = Debug;
		};
		D1C2E3E622F86367001A4179 /* Release */ = {
			isa = XCBuildConfiguration;
			baseConfigurationReference = BA2E2563B13E275E0801209A /* Pods-AirsideLabTests.release.xcconfig */;
			buildSettings = {
				ALWAYS_EMBED_SWIFT_STANDARD_LIBRARIES = YES;
				BUNDLE_LOADER = "$(TEST_HOST)";
				CODE_SIGN_STYLE = Automatic;
				DEVELOPMENT_TEAM = MX6EDE7QQU;
				INFOPLIST_FILE = AirsideLabTests/Info.plist;
				LD_RUNPATH_SEARCH_PATHS = (
					"$(inherited)",
					"@executable_path/Frameworks",
					"@loader_path/Frameworks",
				);
				PRODUCT_BUNDLE_IDENTIFIER = com.gigabit.AirsideLabTests;
				PRODUCT_NAME = "$(TARGET_NAME)";
				SWIFT_VERSION = 5.0;
				TARGETED_DEVICE_FAMILY = "1,2";
				TEST_HOST = "$(BUILT_PRODUCTS_DIR)/AirsideLab.app/AirsideLab";
			};
			name = Release;
		};
/* End XCBuildConfiguration section */

/* Begin XCConfigurationList section */
		D1C2E3BF22F86364001A4179 /* Build configuration list for PBXProject "AirsideLab" */ = {
			isa = XCConfigurationList;
			buildConfigurations = (
				D1C2E3DF22F86367001A4179 /* Debug */,
				D1C2E3E022F86367001A4179 /* Release */,
			);
			defaultConfigurationIsVisible = 0;
			defaultConfigurationName = Release;
		};
		D1C2E3E122F86367001A4179 /* Build configuration list for PBXNativeTarget "AirsideLab" */ = {
			isa = XCConfigurationList;
			buildConfigurations = (
				D1C2E3E222F86367001A4179 /* Debug */,
				D1C2E3E322F86367001A4179 /* Release */,
			);
			defaultConfigurationIsVisible = 0;
			defaultConfigurationName = Release;
		};
		D1C2E3E422F86367001A4179 /* Build configuration list for PBXNativeTarget "AirsideLabTests" */ = {
			isa = XCConfigurationList;
			buildConfigurations = (
				D1C2E3E522F86367001A4179 /* Debug */,
				D1C2E3E622F86367001A4179 /* Release */,
			);
			defaultConfigurationIsVisible = 0;
			defaultConfigurationName = Release;
		};
/* End XCConfigurationList section */
	};
	rootObject = D1C2E3BC22F86364001A4179 /* Project object */;
}
